
Microsoft Visual Studio Solution File, Format Version 12.00
# Visual Studio Version 17
VisualStudioVersion = 17.7.34018.315
MinimumVisualStudioVersion = 10.0.40219.1
Project("{9A19103F-16F7-4668-BE54-9A1E7A4F7556}") = "TrabalhoDevOps", "TrabalhoDevOps\TrabalhoDevOps.csproj", "{BD4B8E7E-C034-4400-BB18-B8FFA5DD13A1}"
EndProject
Project("{FAE04EC0-301F-11D3-BF4B-00C04F79EFBC}") = "TestTrabalhoDevOps", "TestTrabalhoDevOps\TestTrabalhoDevOps.csproj", "{F845AA03-BDD2-44DA-9802-623AD903E2B5}"
EndProject
Global
	GlobalSection(SolutionConfigurationPlatforms) = preSolution
		Debug|Any CPU = Debug|Any CPU
		Release|Any CPU = Release|Any CPU
	EndGlobalSection
	GlobalSection(ProjectConfigurationPlatforms) = postSolution
		{BD4B8E7E-C034-4400-BB18-B8FFA5DD13A1}.Debug|Any CPU.ActiveCfg = Debug|Any CPU
		{BD4B8E7E-C034-4400-BB18-B8FFA5DD13A1}.Debug|Any CPU.Build.0 = Debug|Any CPU
		{BD4B8E7E-C034-4400-BB18-B8FFA5DD13A1}.Release|Any CPU.ActiveCfg = Release|Any CPU
		{BD4B8E7E-C034-4400-BB18-B8FFA5DD13A1}.Release|Any CPU.Build.0 = Release|Any CPU
		{F845AA03-BDD2-44DA-9802-623AD903E2B5}.Debug|Any CPU.ActiveCfg = Debug|Any CPU
		{F845AA03-BDD2-44DA-9802-623AD903E2B5}.Debug|Any CPU.Build.0 = Debug|Any CPU
		{F845AA03-BDD2-44DA-9802-623AD903E2B5}.Release|Any CPU.ActiveCfg = Release|Any CPU
		{F845AA03-BDD2-44DA-9802-623AD903E2B5}.Release|Any CPU.Build.0 = Release|Any CPU
	EndGlobalSection
	GlobalSection(SolutionProperties) = preSolution
		HideSolutionNode = FALSE
	EndGlobalSection
	GlobalSection(ExtensibilityGlobals) = postSolution
		SolutionGuid = {133B81B5-89B4-4804-AF01-7B69D392CA59}
	EndGlobalSection
EndGlobal
